
Microsoft Visual Studio Solution File, Format Version 12.00
# Visual Studio Version 17
VisualStudioVersion = 17.6.33829.357
MinimumVisualStudioVersion = 10.0.40219.1
Project("{FAE04EC0-301F-11D3-BF4B-00C04F79EFBC}") = "AT3Project", "AT3Project\AT3Project.csproj", "{586BF4A9-FAE9-4343-841B-141C7ED231C9}"
EndProject
Global
	GlobalSection(SolutionConfigurationPlatforms) = preSolution
		Debug|Any CPU = Debug|Any CPU
		Release|Any CPU = Release|Any CPU
	EndGlobalSection
	GlobalSection(ProjectConfigurationPlatforms) = postSolution
		{586BF4A9-FAE9-4343-841B-141C7ED231C9}.Debug|Any CPU.ActiveCfg = Debug|Any CPU
		{586BF4A9-FAE9-4343-841B-141C7ED231C9}.Debug|Any CPU.Build.0 = Debug|Any CPU
		{586BF4A9-FAE9-4343-841B-141C7ED231C9}.Release|Any CPU.ActiveCfg = Release|Any CPU
		{586BF4A9-FAE9-4343-841B-141C7ED231C9}.Release|Any CPU.Build.0 = Release|Any CPU
	EndGlobalSection
	GlobalSection(SolutionProperties) = preSolution
		HideSolutionNode = FALSE
	EndGlobalSection
	GlobalSection(ExtensibilityGlobals) = postSolution
		SolutionGuid = {C035E346-E925-48F8-973A-25F04282072E}
	EndGlobalSection
EndGlobal
